
Microsoft Visual Studio Solution File, Format Version 12.00
# Visual Studio Version 17
VisualStudioVersion = 17.5.33516.290
MinimumVisualStudioVersion = 10.0.40219.1
Project("{FAE04EC0-301F-11D3-BF4B-00C04F79EFBC}") = "BasicWebServer", "BasicWebServer.csproj", "{0FA72A0A-1AF1-4580-9B59-F1EB2BCD8613}"
EndProject
Global
	GlobalSection(SolutionConfigurationPlatforms) = preSolution
		Debug|Any CPU = Debug|Any CPU
		Release|Any CPU = Release|Any CPU
	EndGlobalSection
	GlobalSection(ProjectConfigurationPlatforms) = postSolution
		{0FA72A0A-1AF1-4580-9B59-F1EB2BCD8613}.Debug|Any CPU.ActiveCfg = Debug|Any CPU
		{0FA72A0A-1AF1-4580-9B59-F1EB2BCD8613}.Debug|Any CPU.Build.0 = Debug|Any CPU
		{0FA72A0A-1AF1-4580-9B59-F1EB2BCD8613}.Release|Any CPU.ActiveCfg = Release|Any CPU
		{0FA72A0A-1AF1-4580-9B59-F1EB2BCD8613}.Release|Any CPU.Build.0 = Release|Any CPU
	EndGlobalSection
	GlobalSection(SolutionProperties) = preSolution
		HideSolutionNode = FALSE
	EndGlobalSection
	GlobalSection(ExtensibilityGlobals) = postSolution
		SolutionGuid = {C160AA3F-75BC-44B1-BA66-3FDBA3A0035C}
	EndGlobalSection
EndGlobal
